
Microsoft Visual Studio Solution File, Format Version 12.00
# Visual Studio 15
VisualStudioVersion = 15.0.27130.2020
MinimumVisualStudioVersion = 10.0.40219.1
Project("{E24C65DC-7377-472B-9ABA-BC803B73C61A}") = "CardGameOfWar", "CardGameOfWar\", "{C469D55A-C51C-404A-AC48-D671353ED74E}"
	ProjectSection(WebsiteProperties) = preProject
		TargetFrameworkMoniker = ".NETFramework,Version%3Dv4.6.1"
		Debug.AspNetCompiler.VirtualPath = "/localhost_51279"
		Debug.AspNetCompiler.PhysicalPath = "CardGameOfWar\"
		Debug.AspNetCompiler.TargetPath = "PrecompiledWeb\localhost_51279\"
		Debug.AspNetCompiler.Updateable = "true"
		Debug.AspNetCompiler.ForceOverwrite = "true"
		Debug.AspNetCompiler.FixedNames = "false"
		Debug.AspNetCompiler.Debug = "True"
		Release.AspNetCompiler.VirtualPath = "/localhost_51279"
		Release.AspNetCompiler.PhysicalPath = "CardGameOfWar\"
		Release.AspNetCompiler.TargetPath = "PrecompiledWeb\localhost_51279\"
		Release.AspNetCompiler.Updateable = "true"
		Release.AspNetCompiler.ForceOverwrite = "true"
		Release.AspNetCompiler.FixedNames = "false"
		Release.AspNetCompiler.Debug = "False"
		VWDPort = "51279"
		SlnRelativePath = "CardGameOfWar\"
		DefaultWebSiteLanguage = "Visual C#"
	EndProjectSection
EndProject
Global
	GlobalSection(SolutionConfigurationPlatforms) = preSolution
		Debug|Any CPU = Debug|Any CPU
	EndGlobalSection
	GlobalSection(ProjectConfigurationPlatforms) = postSolution
		{C469D55A-C51C-404A-AC48-D671353ED74E}.Debug|Any CPU.ActiveCfg = Debug|Any CPU
		{C469D55A-C51C-404A-AC48-D671353ED74E}.Debug|Any CPU.Build.0 = Debug|Any CPU
	EndGlobalSection
	GlobalSection(SolutionProperties) = preSolution
		HideSolutionNode = FALSE
	EndGlobalSection
	GlobalSection(ExtensibilityGlobals) = postSolution
		SolutionGuid = {A63A4AA0-4DE2-4B34-B5F9-B327D538CB6B}
	EndGlobalSection
EndGlobal
